// !$*UTF8*$!
{
	archiveVersion = 1;
	classes = {
	};
	objectVersion = 46;
	objects = {

/* Begin PBXBuildFile section */
		271E108D1F9041C400B5033C /* CompactJSONDecoderTests.swift in Sources */ = {isa = PBXBuildFile; fileRef = 271E108C1F9041C400B5033C /* CompactJSONDecoderTests.swift */; };
		271E108F1F9042E900B5033C /* CompactJSONEncoderTests.swift in Sources */ = {isa = PBXBuildFile; fileRef = 271E108E1F9042E900B5033C /* CompactJSONEncoderTests.swift */; };
		271E10911F90488700B5033C /* JWTEncodeTests.swift in Sources */ = {isa = PBXBuildFile; fileRef = 271E10901F90488700B5033C /* JWTEncodeTests.swift */; };
		271E10931F9049A400B5033C /* PayloadTests.swift in Sources */ = {isa = PBXBuildFile; fileRef = 271E10921F9049A400B5033C /* PayloadTests.swift */; };
		271E10951F9049E200B5033C /* ClaimSetTests.swift in Sources */ = {isa = PBXBuildFile; fileRef = 271E10941F9049E200B5033C /* ClaimSetTests.swift */; };
		271E10971F904A0700B5033C /* IntegrationTests.swift in Sources */ = {isa = PBXBuildFile; fileRef = 271E10961F904A0700B5033C /* IntegrationTests.swift */; };
		279D63A81AD07FFF0024E2BC /* JWT.framework in Frameworks */ = {isa = PBXBuildFile; fileRef = 279D639C1AD07FFF0024E2BC /* JWT.framework */; };
		279D63AF1AD07FFF0024E2BC /* JWTDecodeTests.swift in Sources */ = {isa = PBXBuildFile; fileRef = 279D63AE1AD07FFF0024E2BC /* JWTDecodeTests.swift */; };
		B484A803215310CC0091A79E /* HMACCryptoSwift.swift in Sources */ = {isa = PBXBuildFile; fileRef = B484A7FE215310CC0091A79E /* HMACCryptoSwift.swift */; };
		B484A804215310CC0091A79E /* HMACCommonCrypto.swift in Sources */ = {isa = PBXBuildFile; fileRef = B484A7FF215310CC0091A79E /* HMACCommonCrypto.swift */; };
		B484A805215310CC0091A79E /* HMAC.swift in Sources */ = {isa = PBXBuildFile; fileRef = B484A800215310CC0091A79E /* HMAC.swift */; };
		B484A806215310CC0091A79E /* None.swift in Sources */ = {isa = PBXBuildFile; fileRef = B484A801215310CC0091A79E /* None.swift */; };
		B484A807215310CC0091A79E /* JWA.swift in Sources */ = {isa = PBXBuildFile; fileRef = B484A802215310CC0091A79E /* JWA.swift */; };
		B484A813215310D60091A79E /* Claims.swift in Sources */ = {isa = PBXBuildFile; fileRef = B484A809215310D60091A79E /* Claims.swift */; };
		B484A814215310D60091A79E /* Encode.swift in Sources */ = {isa = PBXBuildFile; fileRef = B484A80A215310D60091A79E /* Encode.swift */; };
		B484A815215310D60091A79E /* CompactJSONEncoder.swift in Sources */ = {isa = PBXBuildFile; fileRef = B484A80B215310D60091A79E /* CompactJSONEncoder.swift */; };
		B484A816215310D60091A79E /* CompactJSONDecoder.swift in Sources */ = {isa = PBXBuildFile; fileRef = B484A80C215310D60091A79E /* CompactJSONDecoder.swift */; };
		B484A817215310D60091A79E /* JWT.swift in Sources */ = {isa = PBXBuildFile; fileRef = B484A80D215310D60091A79E /* JWT.swift */; };
		B484A818215310D60091A79E /* Algorithm.swift in Sources */ = {isa = PBXBuildFile; fileRef = B484A80E215310D60091A79E /* Algorithm.swift */; };
		B484A819215310D60091A79E /* Decode.swift in Sources */ = {isa = PBXBuildFile; fileRef = B484A80F215310D60091A79E /* Decode.swift */; };
		B484A81A215310D60091A79E /* ClaimSet.swift in Sources */ = {isa = PBXBuildFile; fileRef = B484A810215310D60091A79E /* ClaimSet.swift */; };
		B484A81B215310D60091A79E /* Base64.swift in Sources */ = {isa = PBXBuildFile; fileRef = B484A811215310D60091A79E /* Base64.swift */; };
		B484A81C215310D60091A79E /* JOSEHeader.swift in Sources */ = {isa = PBXBuildFile; fileRef = B484A812215310D60091A79E /* JOSEHeader.swift */; };
/* End PBXBuildFile section */

/* Begin PBXContainerItemProxy section */
		279D63A91AD07FFF0024E2BC /* PBXContainerItemProxy */ = {
			isa = PBXContainerItemProxy;
			containerPortal = 279D63931AD07FFF0024E2BC /* Project object */;
			proxyType = 1;
			remoteGlobalIDString = 279D639B1AD07FFF0024E2BC;
			remoteInfo = JWT;
		};
/* End PBXContainerItemProxy section */

/* Begin PBXFileReference section */
		271E108C1F9041C400B5033C /* CompactJSONDecoderTests.swift */ = {isa = PBXFileReference; lastKnownFileType = sourcecode.swift; path = CompactJSONDecoderTests.swift; sourceTree = "<group>"; };
		271E108E1F9042E900B5033C /* CompactJSONEncoderTests.swift */ = {isa = PBXFileReference; lastKnownFileType = sourcecode.swift; path = CompactJSONEncoderTests.swift; sourceTree = "<group>"; };
		271E10901F90488700B5033C /* JWTEncodeTests.swift */ = {isa = PBXFileReference; lastKnownFileType = sourcecode.swift; path = JWTEncodeTests.swift; sourceTree = "<group>"; };
		271E10921F9049A400B5033C /* PayloadTests.swift */ = {isa = PBXFileReference; lastKnownFileType = sourcecode.swift; path = PayloadTests.swift; sourceTree = "<group>"; };
		271E10941F9049E200B5033C /* ClaimSetTests.swift */ = {isa = PBXFileReference; lastKnownFileType = sourcecode.swift; path = ClaimSetTests.swift; sourceTree = "<group>"; };
		271E10961F904A0700B5033C /* IntegrationTests.swift */ = {isa = PBXFileReference; lastKnownFileType = sourcecode.swift; path = IntegrationTests.swift; sourceTree = "<group>"; };
		279D639C1AD07FFF0024E2BC /* JWT.framework */ = {isa = PBXFileReference; explicitFileType = wrapper.framework; includeInIndex = 0; path = JWT.framework; sourceTree = BUILT_PRODUCTS_DIR; };
		279D63A71AD07FFF0024E2BC /* JWTTests.xctest */ = {isa = PBXFileReference; explicitFileType = wrapper.cfbundle; includeInIndex = 0; path = JWTTests.xctest; sourceTree = BUILT_PRODUCTS_DIR; };
		279D63AD1AD07FFF0024E2BC /* Info.plist */ = {isa = PBXFileReference; lastKnownFileType = text.plist.xml; path = Info.plist; sourceTree = "<group>"; };
		279D63AE1AD07FFF0024E2BC /* JWTDecodeTests.swift */ = {isa = PBXFileReference; lastKnownFileType = sourcecode.swift; path = JWTDecodeTests.swift; sourceTree = "<group>"; };
		520A711B1C469F440005C709 /* Package.swift */ = {isa = PBXFileReference; lastKnownFileType = sourcecode.swift; path = Package.swift; sourceTree = "<group>"; };
		540942F3614C41E3827F2013 /* Pods_JWT.framework */ = {isa = PBXFileReference; explicitFileType = wrapper.framework; includeInIndex = 0; path = Pods_JWT.framework; sourceTree = BUILT_PRODUCTS_DIR; };
		B484A7FE215310CC0091A79E /* HMACCryptoSwift.swift */ = {isa = PBXFileReference; fileEncoding = 4; lastKnownFileType = sourcecode.swift; path = HMACCryptoSwift.swift; sourceTree = "<group>"; };
		B484A7FF215310CC0091A79E /* HMACCommonCrypto.swift */ = {isa = PBXFileReference; fileEncoding = 4; lastKnownFileType = sourcecode.swift; path = HMACCommonCrypto.swift; sourceTree = "<group>"; };
		B484A800215310CC0091A79E /* HMAC.swift */ = {isa = PBXFileReference; fileEncoding = 4; lastKnownFileType = sourcecode.swift; path = HMAC.swift; sourceTree = "<group>"; };
		B484A801215310CC0091A79E /* None.swift */ = {isa = PBXFileReference; fileEncoding = 4; lastKnownFileType = sourcecode.swift; path = None.swift; sourceTree = "<group>"; };
		B484A802215310CC0091A79E /* JWA.swift */ = {isa = PBXFileReference; fileEncoding = 4; lastKnownFileType = sourcecode.swift; path = JWA.swift; sourceTree = "<group>"; };
		B484A809215310D60091A79E /* Claims.swift */ = {isa = PBXFileReference; fileEncoding = 4; lastKnownFileType = sourcecode.swift; path = Claims.swift; sourceTree = "<group>"; };
		B484A80A215310D60091A79E /* Encode.swift */ = {isa = PBXFileReference; fileEncoding = 4; lastKnownFileType = sourcecode.swift; path = Encode.swift; sourceTree = "<group>"; };
		B484A80B215310D60091A79E /* CompactJSONEncoder.swift */ = {isa = PBXFileReference; fileEncoding = 4; lastKnownFileType = sourcecode.swift; path = CompactJSONEncoder.swift; sourceTree = "<group>"; };
		B484A80C215310D60091A79E /* CompactJSONDecoder.swift */ = {isa = PBXFileReference; fileEncoding = 4; lastKnownFileType = sourcecode.swift; path = CompactJSONDecoder.swift; sourceTree = "<group>"; };
		B484A80D215310D60091A79E /* JWT.swift */ = {isa = PBXFileReference; fileEncoding = 4; lastKnownFileType = sourcecode.swift; path = JWT.swift; sourceTree = "<group>"; };
		B484A80E215310D60091A79E /* Algorithm.swift */ = {isa = PBXFileReference; fileEncoding = 4; lastKnownFileType = sourcecode.swift; path = Algorithm.swift; sourceTree = "<group>"; };
		B484A80F215310D60091A79E /* Decode.swift */ = {isa = PBXFileReference; fileEncoding = 4; lastKnownFileType = sourcecode.swift; path = Decode.swift; sourceTree = "<group>"; };
		B484A810215310D60091A79E /* ClaimSet.swift */ = {isa = PBXFileReference; fileEncoding = 4; lastKnownFileType = sourcecode.swift; path = ClaimSet.swift; sourceTree = "<group>"; };
		B484A811215310D60091A79E /* Base64.swift */ = {isa = PBXFileReference; fileEncoding = 4; lastKnownFileType = sourcecode.swift; path = Base64.swift; sourceTree = "<group>"; };
		B484A812215310D60091A79E /* JOSEHeader.swift */ = {isa = PBXFileReference; fileEncoding = 4; lastKnownFileType = sourcecode.swift; path = JOSEHeader.swift; sourceTree = "<group>"; };
		CD9B62231C7753D8005D4844 /* JWT.framework */ = {isa = PBXFileReference; explicitFileType = wrapper.framework; includeInIndex = 0; path = JWT.framework; sourceTree = BUILT_PRODUCTS_DIR; };
		CD9B62351C7753EC005D4844 /* JWT.framework */ = {isa = PBXFileReference; explicitFileType = wrapper.framework; includeInIndex = 0; path = JWT.framework; sourceTree = BUILT_PRODUCTS_DIR; };
		CD9B62471C7753FB005D4844 /* JWT.framework */ = {isa = PBXFileReference; explicitFileType = wrapper.framework; includeInIndex = 0; path = JWT.framework; sourceTree = BUILT_PRODUCTS_DIR; };
		CE8198B6E30BA6B8F8125FA7 /* Pods_JWTTests.framework */ = {isa = PBXFileReference; explicitFileType = wrapper.framework; includeInIndex = 0; path = Pods_JWTTests.framework; sourceTree = BUILT_PRODUCTS_DIR; };
/* End PBXFileReference section */

/* Begin PBXFrameworksBuildPhase section */
		279D63981AD07FFF0024E2BC /* Frameworks */ = {
			isa = PBXFrameworksBuildPhase;
			buildActionMask = 2147483647;
			files = (
			);
			runOnlyForDeploymentPostprocessing = 0;
		};
		279D63A41AD07FFF0024E2BC /* Frameworks */ = {
			isa = PBXFrameworksBuildPhase;
			buildActionMask = 2147483647;
			files = (
				279D63A81AD07FFF0024E2BC /* JWT.framework in Frameworks */,
			);
			runOnlyForDeploymentPostprocessing = 0;
		};
		CD9B621B1C7753D8005D4844 /* Frameworks */ = {
			isa = PBXFrameworksBuildPhase;
			buildActionMask = 2147483647;
			files = (
			);
			runOnlyForDeploymentPostprocessing = 0;
		};
		CD9B622D1C7753EC005D4844 /* Frameworks */ = {
			isa = PBXFrameworksBuildPhase;
			buildActionMask = 2147483647;
			files = (
			);
			runOnlyForDeploymentPostprocessing = 0;
		};
		CD9B623F1C7753FB005D4844 /* Frameworks */ = {
			isa = PBXFrameworksBuildPhase;
			buildActionMask = 2147483647;
			files = (
			);
			runOnlyForDeploymentPostprocessing = 0;
		};
/* End PBXFrameworksBuildPhase section */

/* Begin PBXGroup section */
		279D63921AD07FFF0024E2BC = {
			isa = PBXGroup;
			children = (
				520A711B1C469F440005C709 /* Package.swift */,
				520A71121C469F010005C709 /* Sources */,
				279D63AB1AD07FFF0024E2BC /* Tests */,
				279D639D1AD07FFF0024E2BC /* Products */,
				AC8AE547FDAF3DD80EB4DB2F /* Frameworks */,
			);
			indentWidth = 2;
			sourceTree = "<group>";
			tabWidth = 2;
		};
		279D639D1AD07FFF0024E2BC /* Products */ = {
			isa = PBXGroup;
			children = (
				279D639C1AD07FFF0024E2BC /* JWT.framework */,
				279D63A71AD07FFF0024E2BC /* JWTTests.xctest */,
				CD9B62231C7753D8005D4844 /* JWT.framework */,
				CD9B62351C7753EC005D4844 /* JWT.framework */,
				CD9B62471C7753FB005D4844 /* JWT.framework */,
			);
			name = Products;
			sourceTree = "<group>";
		};
		279D63AB1AD07FFF0024E2BC /* Tests */ = {
			isa = PBXGroup;
			children = (
				271E108C1F9041C400B5033C /* CompactJSONDecoderTests.swift */,
				271E108E1F9042E900B5033C /* CompactJSONEncoderTests.swift */,
				271E10941F9049E200B5033C /* ClaimSetTests.swift */,
				271E10921F9049A400B5033C /* PayloadTests.swift */,
				271E10901F90488700B5033C /* JWTEncodeTests.swift */,
				279D63AE1AD07FFF0024E2BC /* JWTDecodeTests.swift */,
				271E10961F904A0700B5033C /* IntegrationTests.swift */,
				279D63AC1AD07FFF0024E2BC /* Supporting Files */,
			);
			name = Tests;
			path = Tests/JWTTests;
			sourceTree = "<group>";
		};
		279D63AC1AD07FFF0024E2BC /* Supporting Files */ = {
			isa = PBXGroup;
			children = (
				279D63AD1AD07FFF0024E2BC /* Info.plist */,
			);
			name = "Supporting Files";
			sourceTree = "<group>";
		};
		520A71121C469F010005C709 /* Sources */ = {
			isa = PBXGroup;
			children = (
				B484A808215310D60091A79E /* JWT */,
				B484A7FC215310CC0091A79E /* JWA */,
			);
			path = Sources;
			sourceTree = "<group>";
		};
		AC8AE547FDAF3DD80EB4DB2F /* Frameworks */ = {
			isa = PBXGroup;
			children = (
				540942F3614C41E3827F2013 /* Pods_JWT.framework */,
				CE8198B6E30BA6B8F8125FA7 /* Pods_JWTTests.framework */,
			);
			name = Frameworks;
			sourceTree = "<group>";
		};
		B484A7FC215310CC0091A79E /* JWA */ = {
			isa = PBXGroup;
			children = (
				B484A7FD215310CC0091A79E /* HMAC */,
				B484A801215310CC0091A79E /* None.swift */,
				B484A802215310CC0091A79E /* JWA.swift */,
			);
			path = JWA;
			sourceTree = "<group>";
		};
		B484A7FD215310CC0091A79E /* HMAC */ = {
			isa = PBXGroup;
			children = (
				B484A7FE215310CC0091A79E /* HMACCryptoSwift.swift */,
				B484A7FF215310CC0091A79E /* HMACCommonCrypto.swift */,
				B484A800215310CC0091A79E /* HMAC.swift */,
			);
			path = HMAC;
			sourceTree = "<group>";
		};
		B484A808215310D60091A79E /* JWT */ = {
			isa = PBXGroup;
			children = (
				B484A809215310D60091A79E /* Claims.swift */,
				B484A80A215310D60091A79E /* Encode.swift */,
				B484A80B215310D60091A79E /* CompactJSONEncoder.swift */,
				B484A80C215310D60091A79E /* CompactJSONDecoder.swift */,
				B484A80D215310D60091A79E /* JWT.swift */,
				B484A80E215310D60091A79E /* Algorithm.swift */,
				B484A80F215310D60091A79E /* Decode.swift */,
				B484A810215310D60091A79E /* ClaimSet.swift */,
				B484A811215310D60091A79E /* Base64.swift */,
				B484A812215310D60091A79E /* JOSEHeader.swift */,
			);
			name = JWT;
			path = Sources/JWT;
			sourceTree = SOURCE_ROOT;
		};
/* End PBXGroup section */

/* Begin PBXHeadersBuildPhase section */
		279D63991AD07FFF0024E2BC /* Headers */ = {
			isa = PBXHeadersBuildPhase;
			buildActionMask = 2147483647;
			files = (
			);
			runOnlyForDeploymentPostprocessing = 0;
		};
		CD9B621D1C7753D8005D4844 /* Headers */ = {
			isa = PBXHeadersBuildPhase;
			buildActionMask = 2147483647;
			files = (
			);
			runOnlyForDeploymentPostprocessing = 0;
		};
		CD9B622F1C7753EC005D4844 /* Headers */ = {
			isa = PBXHeadersBuildPhase;
			buildActionMask = 2147483647;
			files = (
			);
			runOnlyForDeploymentPostprocessing = 0;
		};
		CD9B62411C7753FB005D4844 /* Headers */ = {
			isa = PBXHeadersBuildPhase;
			buildActionMask = 2147483647;
			files = (
			);
			runOnlyForDeploymentPostprocessing = 0;
		};
/* End PBXHeadersBuildPhase section */

/* Begin PBXNativeTarget section */
		279D639B1AD07FFF0024E2BC /* JWT-OSX */ = {
			isa = PBXNativeTarget;
			buildConfigurationList = 279D63B21AD07FFF0024E2BC /* Build configuration list for PBXNativeTarget "JWT-OSX" */;
			buildPhases = (
				D0882DFF2111B2CE0012248F /* Run Script: CommonCrypto */,
				279D63971AD07FFF0024E2BC /* Sources */,
				279D63981AD07FFF0024E2BC /* Frameworks */,
				279D63991AD07FFF0024E2BC /* Headers */,
				66725DA11C591D9800FC32F4 /* Resources */,
			);
			buildRules = (
			);
			dependencies = (
			);
			name = "JWT-OSX";
			productName = JWT;
			productReference = 279D639C1AD07FFF0024E2BC /* JWT.framework */;
			productType = "com.apple.product-type.framework";
		};
		279D63A61AD07FFF0024E2BC /* JWTTests */ = {
			isa = PBXNativeTarget;
			buildConfigurationList = 279D63B51AD07FFF0024E2BC /* Build configuration list for PBXNativeTarget "JWTTests" */;
			buildPhases = (
				279D63A31AD07FFF0024E2BC /* Sources */,
				279D63A41AD07FFF0024E2BC /* Frameworks */,
				279D63A51AD07FFF0024E2BC /* Resources */,
			);
			buildRules = (
			);
			dependencies = (
				279D63AA1AD07FFF0024E2BC /* PBXTargetDependency */,
			);
			name = JWTTests;
			productName = JWTTests;
			productReference = 279D63A71AD07FFF0024E2BC /* JWTTests.xctest */;
			productType = "com.apple.product-type.bundle.unit-test";
		};
		CD9B62131C7753D8005D4844 /* JWT-iOS */ = {
			isa = PBXNativeTarget;
			buildConfigurationList = CD9B62201C7753D8005D4844 /* Build configuration list for PBXNativeTarget "JWT-iOS" */;
			buildPhases = (
				D0882E012111B5C70012248F /* Run Script: CommonCrypto */,
				CD9B62161C7753D8005D4844 /* Sources */,
				CD9B621B1C7753D8005D4844 /* Frameworks */,
				CD9B621D1C7753D8005D4844 /* Headers */,
				CD9B621F1C7753D8005D4844 /* Resources */,
			);
			buildRules = (
			);
			dependencies = (
			);
			name = "JWT-iOS";
			productName = JWT;
			productReference = CD9B62231C7753D8005D4844 /* JWT.framework */;
			productType = "com.apple.product-type.framework";
		};
		CD9B62251C7753EC005D4844 /* JWT-tvOS */ = {
			isa = PBXNativeTarget;
			buildConfigurationList = CD9B62321C7753EC005D4844 /* Build configuration list for PBXNativeTarget "JWT-tvOS" */;
			buildPhases = (
				D0882E022111B5DC0012248F /* Run Script: CommonCrypto */,
				CD9B62281C7753EC005D4844 /* Sources */,
				CD9B622D1C7753EC005D4844 /* Frameworks */,
				CD9B622F1C7753EC005D4844 /* Headers */,
				CD9B62311C7753EC005D4844 /* Resources */,
			);
			buildRules = (
			);
			dependencies = (
			);
			name = "JWT-tvOS";
			productName = JWT;
			productReference = CD9B62351C7753EC005D4844 /* JWT.framework */;
			productType = "com.apple.product-type.framework";
		};
		CD9B62371C7753FB005D4844 /* JWT-watchOS */ = {
			isa = PBXNativeTarget;
			buildConfigurationList = CD9B62441C7753FB005D4844 /* Build configuration list for PBXNativeTarget "JWT-watchOS" */;
			buildPhases = (
				D0882E032111B5EE0012248F /* Run Script: CommonCrypto */,
				CD9B623A1C7753FB005D4844 /* Sources */,
				CD9B623F1C7753FB005D4844 /* Frameworks */,
				CD9B62411C7753FB005D4844 /* Headers */,
				CD9B62431C7753FB005D4844 /* Resources */,
			);
			buildRules = (
			);
			dependencies = (
			);
			name = "JWT-watchOS";
			productName = JWT;
			productReference = CD9B62471C7753FB005D4844 /* JWT.framework */;
			productType = "com.apple.product-type.framework";
		};
/* End PBXNativeTarget section */

/* Begin PBXProject section */
		279D63931AD07FFF0024E2BC /* Project object */ = {
			isa = PBXProject;
			attributes = {
				LastSwiftMigration = 0700;
				LastSwiftUpdateCheck = 0700;
				LastUpgradeCheck = 0910;
				ORGANIZATIONNAME = Cocode;
				TargetAttributes = {
					279D639B1AD07FFF0024E2BC = {
						CreatedOnToolsVersion = 6.2;
					};
					279D63A61AD07FFF0024E2BC = {
						CreatedOnToolsVersion = 6.2;
					};
				};
			};
			buildConfigurationList = 279D63961AD07FFF0024E2BC /* Build configuration list for PBXProject "JWT" */;
			compatibilityVersion = "Xcode 3.2";
			developmentRegion = English;
			hasScannedForEncodings = 0;
			knownRegions = (
				en,
			);
			mainGroup = 279D63921AD07FFF0024E2BC;
			productRefGroup = 279D639D1AD07FFF0024E2BC /* Products */;
			projectDirPath = "";
			projectRoot = "";
			targets = (
				279D639B1AD07FFF0024E2BC /* JWT-OSX */,
				CD9B62131C7753D8005D4844 /* JWT-iOS */,
				CD9B62251C7753EC005D4844 /* JWT-tvOS */,
				CD9B62371C7753FB005D4844 /* JWT-watchOS */,
				279D63A61AD07FFF0024E2BC /* JWTTests */,
			);
		};
/* End PBXProject section */

/* Begin PBXResourcesBuildPhase section */
		279D63A51AD07FFF0024E2BC /* Resources */ = {
			isa = PBXResourcesBuildPhase;
			buildActionMask = 2147483647;
			files = (
			);
			runOnlyForDeploymentPostprocessing = 0;
		};
		66725DA11C591D9800FC32F4 /* Resources */ = {
			isa = PBXResourcesBuildPhase;
			buildActionMask = 2147483647;
			files = (
			);
			runOnlyForDeploymentPostprocessing = 0;
		};
		CD9B621F1C7753D8005D4844 /* Resources */ = {
			isa = PBXResourcesBuildPhase;
			buildActionMask = 2147483647;
			files = (
			);
			runOnlyForDeploymentPostprocessing = 0;
		};
		CD9B62311C7753EC005D4844 /* Resources */ = {
			isa = PBXResourcesBuildPhase;
			buildActionMask = 2147483647;
			files = (
			);
			runOnlyForDeploymentPostprocessing = 0;
		};
		CD9B62431C7753FB005D4844 /* Resources */ = {
			isa = PBXResourcesBuildPhase;
			buildActionMask = 2147483647;
			files = (
			);
			runOnlyForDeploymentPostprocessing = 0;
		};
/* End PBXResourcesBuildPhase section */

/* Begin PBXShellScriptBuildPhase section */
		D0882DFF2111B2CE0012248F /* Run Script: CommonCrypto */ = {
			isa = PBXShellScriptBuildPhase;
			buildActionMask = 2147483647;
			files = (
			);
			inputPaths = (
			);
			name = "Run Script: CommonCrypto";
			outputPaths = (
			);
			runOnlyForDeploymentPostprocessing = 0;
			shellPath = /bin/sh;
			shellScript = "COMMON_CRYPTO_DIR=\"${SDKROOT}/usr/include/CommonCrypto\"\nif [ -f \"${COMMON_CRYPTO_DIR}/module.modulemap\" ]\nthen\necho \"CommonCrypto already exists, skipping\"\nelse\n# This if-statement means we will only run the main script if the\n# CommonCrypto.framework directory does not exist because otherwise\n# the rest of the script causes a full recompile for anything\n# where CommonCrypto is a dependency\n# Do a \"Clean Build Folder\" to remove this directory and trigger\n# the rest of the script to run\nFRAMEWORK_DIR=\"${BUILT_PRODUCTS_DIR}/CommonCrypto.framework\"\n\nif [ -d \"${FRAMEWORK_DIR}\" ]; then\necho \"${FRAMEWORK_DIR} already exists, so skipping the rest of the script.\"\nexit 0\nfi\n\nmkdir -p \"${FRAMEWORK_DIR}/Modules\"\necho \"module CommonCrypto [system] {\nheader \\\"${SDKROOT}/usr/include/CommonCrypto/CommonCrypto.h\\\"\nexport *\n}\" >> \"${FRAMEWORK_DIR}/Modules/module.modulemap\"\n\nln -sf \"${SDKROOT}/usr/include/CommonCrypto\" \"${FRAMEWORK_DIR}/Headers\"\nfi\n";
		};
		D0882E012111B5C70012248F /* Run Script: CommonCrypto */ = {
			isa = PBXShellScriptBuildPhase;
			buildActionMask = 2147483647;
			files = (
			);
			inputPaths = (
			);
			name = "Run Script: CommonCrypto";
			outputPaths = (
			);
			runOnlyForDeploymentPostprocessing = 0;
			shellPath = /bin/sh;
			shellScript = "COMMON_CRYPTO_DIR=\"${SDKROOT}/usr/include/CommonCrypto\"\nif [ -f \"${COMMON_CRYPTO_DIR}/module.modulemap\" ]\nthen\necho \"CommonCrypto already exists, skipping\"\nelse\n# This if-statement means we will only run the main script if the\n# CommonCrypto.framework directory does not exist because otherwise\n# the rest of the script causes a full recompile for anything\n# where CommonCrypto is a dependency\n# Do a \"Clean Build Folder\" to remove this directory and trigger\n# the rest of the script to run\nFRAMEWORK_DIR=\"${BUILT_PRODUCTS_DIR}/CommonCrypto.framework\"\n\nif [ -d \"${FRAMEWORK_DIR}\" ]; then\necho \"${FRAMEWORK_DIR} already exists, so skipping the rest of the script.\"\nexit 0\nfi\n\nmkdir -p \"${FRAMEWORK_DIR}/Modules\"\necho \"module CommonCrypto [system] {\nheader \\\"${SDKROOT}/usr/include/CommonCrypto/CommonCrypto.h\\\"\nexport *\n}\" >> \"${FRAMEWORK_DIR}/Modules/module.modulemap\"\n\nln -sf \"${SDKROOT}/usr/include/CommonCrypto\" \"${FRAMEWORK_DIR}/Headers\"\nfi\n";
		};
		D0882E022111B5DC0012248F /* Run Script: CommonCrypto */ = {
			isa = PBXShellScriptBuildPhase;
			buildActionMask = 2147483647;
			files = (
			);
			inputPaths = (
			);
			name = "Run Script: CommonCrypto";
			outputPaths = (
			);
			runOnlyForDeploymentPostprocessing = 0;
			shellPath = /bin/sh;
			shellScript = "COMMON_CRYPTO_DIR=\"${SDKROOT}/usr/include/CommonCrypto\"\nif [ -f \"${COMMON_CRYPTO_DIR}/module.modulemap\" ]\nthen\necho \"CommonCrypto already exists, skipping\"\nelse\n# This if-statement means we will only run the main script if the\n# CommonCrypto.framework directory does not exist because otherwise\n# the rest of the script causes a full recompile for anything\n# where CommonCrypto is a dependency\n# Do a \"Clean Build Folder\" to remove this directory and trigger\n# the rest of the script to run\nFRAMEWORK_DIR=\"${BUILT_PRODUCTS_DIR}/CommonCrypto.framework\"\n\nif [ -d \"${FRAMEWORK_DIR}\" ]; then\necho \"${FRAMEWORK_DIR} already exists, so skipping the rest of the script.\"\nexit 0\nfi\n\nmkdir -p \"${FRAMEWORK_DIR}/Modules\"\necho \"module CommonCrypto [system] {\nheader \\\"${SDKROOT}/usr/include/CommonCrypto/CommonCrypto.h\\\"\nexport *\n}\" >> \"${FRAMEWORK_DIR}/Modules/module.modulemap\"\n\nln -sf \"${SDKROOT}/usr/include/CommonCrypto\" \"${FRAMEWORK_DIR}/Headers\"\nfi\n";
		};
		D0882E032111B5EE0012248F /* Run Script: CommonCrypto */ = {
			isa = PBXShellScriptBuildPhase;
			buildActionMask = 2147483647;
			files = (
			);
			inputPaths = (
			);
			name = "Run Script: CommonCrypto";
			outputPaths = (
			);
			runOnlyForDeploymentPostprocessing = 0;
			shellPath = /bin/sh;
			shellScript = "COMMON_CRYPTO_DIR=\"${SDKROOT}/usr/include/CommonCrypto\"\nif [ -f \"${COMMON_CRYPTO_DIR}/module.modulemap\" ]\nthen\necho \"CommonCrypto already exists, skipping\"\nelse\n# This if-statement means we will only run the main script if the\n# CommonCrypto.framework directory does not exist because otherwise\n# the rest of the script causes a full recompile for anything\n# where CommonCrypto is a dependency\n# Do a \"Clean Build Folder\" to remove this directory and trigger\n# the rest of the script to run\nFRAMEWORK_DIR=\"${BUILT_PRODUCTS_DIR}/CommonCrypto.framework\"\n\nif [ -d \"${FRAMEWORK_DIR}\" ]; then\necho \"${FRAMEWORK_DIR} already exists, so skipping the rest of the script.\"\nexit 0\nfi\n\nmkdir -p \"${FRAMEWORK_DIR}/Modules\"\necho \"module CommonCrypto [system] {\nheader \\\"${SDKROOT}/usr/include/CommonCrypto/CommonCrypto.h\\\"\nexport *\n}\" >> \"${FRAMEWORK_DIR}/Modules/module.modulemap\"\n\nln -sf \"${SDKROOT}/usr/include/CommonCrypto\" \"${FRAMEWORK_DIR}/Headers\"\nfi\n";
		};
/* End PBXShellScriptBuildPhase section */

/* Begin PBXSourcesBuildPhase section */
		279D63971AD07FFF0024E2BC /* Sources */ = {
			isa = PBXSourcesBuildPhase;
			buildActionMask = 2147483647;
			files = (
				B484A817215310D60091A79E /* JWT.swift in Sources */,
				B484A803215310CC0091A79E /* HMACCryptoSwift.swift in Sources */,
				B484A807215310CC0091A79E /* JWA.swift in Sources */,
				B484A804215310CC0091A79E /* HMACCommonCrypto.swift in Sources */,
				B484A806215310CC0091A79E /* None.swift in Sources */,
				B484A816215310D60091A79E /* CompactJSONDecoder.swift in Sources */,
				B484A81B215310D60091A79E /* Base64.swift in Sources */,
				B484A814215310D60091A79E /* Encode.swift in Sources */,
				B484A81C215310D60091A79E /* JOSEHeader.swift in Sources */,
				B484A815215310D60091A79E /* CompactJSONEncoder.swift in Sources */,
				B484A813215310D60091A79E /* Claims.swift in Sources */,
				B484A818215310D60091A79E /* Algorithm.swift in Sources */,
				B484A819215310D60091A79E /* Decode.swift in Sources */,
				B484A805215310CC0091A79E /* HMAC.swift in Sources */,
				B484A81A215310D60091A79E /* ClaimSet.swift in Sources */,
			);
			runOnlyForDeploymentPostprocessing = 0;
		};
		279D63A31AD07FFF0024E2BC /* Sources */ = {
			isa = PBXSourcesBuildPhase;
			buildActionMask = 2147483647;
			files = (
				271E10971F904A0700B5033C /* IntegrationTests.swift in Sources */,
				271E108F1F9042E900B5033C /* CompactJSONEncoderTests.swift in Sources */,
				271E10911F90488700B5033C /* JWTEncodeTests.swift in Sources */,
				271E108D1F9041C400B5033C /* CompactJSONDecoderTests.swift in Sources */,
				279D63AF1AD07FFF0024E2BC /* JWTDecodeTests.swift in Sources */,
				271E10931F9049A400B5033C /* PayloadTests.swift in Sources */,
				271E10951F9049E200B5033C /* ClaimSetTests.swift in Sources */,
			);
			runOnlyForDeploymentPostprocessing = 0;
		};
		CD9B62161C7753D8005D4844 /* Sources */ = {
			isa = PBXSourcesBuildPhase;
			buildActionMask = 2147483647;
			files = (
			);
			runOnlyForDeploymentPostprocessing = 0;
		};
		CD9B62281C7753EC005D4844 /* Sources */ = {
			isa = PBXSourcesBuildPhase;
			buildActionMask = 2147483647;
			files = (
			);
			runOnlyForDeploymentPostprocessing = 0;
		};
		CD9B623A1C7753FB005D4844 /* Sources */ = {
			isa = PBXSourcesBuildPhase;
			buildActionMask = 2147483647;
			files = (
			);
			runOnlyForDeploymentPostprocessing = 0;
		};
/* End PBXSourcesBuildPhase section */

/* Begin PBXTargetDependency section */
		279D63AA1AD07FFF0024E2BC /* PBXTargetDependency */ = {
			isa = PBXTargetDependency;
			target = 279D639B1AD07FFF0024E2BC /* JWT-OSX */;
			targetProxy = 279D63A91AD07FFF0024E2BC /* PBXContainerItemProxy */;
		};
/* End PBXTargetDependency section */

/* Begin XCBuildConfiguration section */
		279D63B01AD07FFF0024E2BC /* Debug */ = {
			isa = XCBuildConfiguration;
			buildSettings = {
				ALWAYS_SEARCH_USER_PATHS = NO;
				CLANG_CXX_LANGUAGE_STANDARD = "gnu++0x";
				CLANG_CXX_LIBRARY = "libc++";
				CLANG_ENABLE_MODULES = YES;
				CLANG_ENABLE_OBJC_ARC = YES;
				CLANG_WARN_BLOCK_CAPTURE_AUTORELEASING = YES;
				CLANG_WARN_BOOL_CONVERSION = YES;
				CLANG_WARN_COMMA = YES;
				CLANG_WARN_CONSTANT_CONVERSION = YES;
				CLANG_WARN_DIRECT_OBJC_ISA_USAGE = YES_ERROR;
				CLANG_WARN_EMPTY_BODY = YES;
				CLANG_WARN_ENUM_CONVERSION = YES;
				CLANG_WARN_INFINITE_RECURSION = YES;
				CLANG_WARN_INT_CONVERSION = YES;
				CLANG_WARN_NON_LITERAL_NULL_CONVERSION = YES;
				CLANG_WARN_OBJC_LITERAL_CONVERSION = YES;
				CLANG_WARN_OBJC_ROOT_CLASS = YES_ERROR;
				CLANG_WARN_RANGE_LOOP_ANALYSIS = YES;
				CLANG_WARN_STRICT_PROTOTYPES = YES;
				CLANG_WARN_SUSPICIOUS_MOVE = YES;
				CLANG_WARN_UNREACHABLE_CODE = YES;
				CLANG_WARN__DUPLICATE_METHOD_MATCH = YES;
				COPY_PHASE_STRIP = NO;
				CURRENT_PROJECT_VERSION = 1;
				ENABLE_STRICT_OBJC_MSGSEND = YES;
				ENABLE_TESTABILITY = YES;
				GCC_C_LANGUAGE_STANDARD = gnu99;
				GCC_DYNAMIC_NO_PIC = NO;
				GCC_NO_COMMON_BLOCKS = YES;
				GCC_OPTIMIZATION_LEVEL = 0;
				GCC_PREPROCESSOR_DEFINITIONS = (
					"DEBUG=1",
					"$(inherited)",
				);
				GCC_SYMBOLS_PRIVATE_EXTERN = NO;
				GCC_WARN_64_TO_32_BIT_CONVERSION = YES;
				GCC_WARN_ABOUT_RETURN_TYPE = YES_ERROR;
				GCC_WARN_UNDECLARED_SELECTOR = YES;
				GCC_WARN_UNINITIALIZED_AUTOS = YES_AGGRESSIVE;
				GCC_WARN_UNUSED_FUNCTION = YES;
				GCC_WARN_UNUSED_VARIABLE = YES;
				MACOSX_DEPLOYMENT_TARGET = 10.9;
				MTL_ENABLE_DEBUG_INFO = YES;
				ONLY_ACTIVE_ARCH = YES;
				PRODUCT_NAME = "$(PROJECT_NAME)";
				SDKROOT = macosx;
				SWIFT_INCLUDE_PATHS = "$(SRCROOT)";
				SWIFT_OPTIMIZATION_LEVEL = "-Onone";
				SWIFT_VERSION = 4.0;
				VERSIONING_SYSTEM = "apple-generic";
				VERSION_INFO_PREFIX = "";
			};
			name = Debug;
		};
		279D63B11AD07FFF0024E2BC /* Release */ = {
			isa = XCBuildConfiguration;
			buildSettings = {
				ALWAYS_SEARCH_USER_PATHS = NO;
				CLANG_CXX_LANGUAGE_STANDARD = "gnu++0x";
				CLANG_CXX_LIBRARY = "libc++";
				CLANG_ENABLE_MODULES = YES;
				CLANG_ENABLE_OBJC_ARC = YES;
				CLANG_WARN_BLOCK_CAPTURE_AUTORELEASING = YES;
				CLANG_WARN_BOOL_CONVERSION = YES;
				CLANG_WARN_COMMA = YES;
				CLANG_WARN_CONSTANT_CONVERSION = YES;
				CLANG_WARN_DIRECT_OBJC_ISA_USAGE = YES_ERROR;
				CLANG_WARN_EMPTY_BODY = YES;
				CLANG_WARN_ENUM_CONVERSION = YES;
				CLANG_WARN_INFINITE_RECURSION = YES;
				CLANG_WARN_INT_CONVERSION = YES;
				CLANG_WARN_NON_LITERAL_NULL_CONVERSION = YES;
				CLANG_WARN_OBJC_LITERAL_CONVERSION = YES;
				CLANG_WARN_OBJC_ROOT_CLASS = YES_ERROR;
				CLANG_WARN_RANGE_LOOP_ANALYSIS = YES;
				CLANG_WARN_STRICT_PROTOTYPES = YES;
				CLANG_WARN_SUSPICIOUS_MOVE = YES;
				CLANG_WARN_UNREACHABLE_CODE = YES;
				CLANG_WARN__DUPLICATE_METHOD_MATCH = YES;
				COPY_PHASE_STRIP = NO;
				CURRENT_PROJECT_VERSION = 1;
				DEBUG_INFORMATION_FORMAT = "dwarf-with-dsym";
				ENABLE_NS_ASSERTIONS = NO;
				ENABLE_STRICT_OBJC_MSGSEND = YES;
				GCC_C_LANGUAGE_STANDARD = gnu99;
				GCC_NO_COMMON_BLOCKS = YES;
				GCC_WARN_64_TO_32_BIT_CONVERSION = YES;
				GCC_WARN_ABOUT_RETURN_TYPE = YES_ERROR;
				GCC_WARN_UNDECLARED_SELECTOR = YES;
				GCC_WARN_UNINITIALIZED_AUTOS = YES_AGGRESSIVE;
				GCC_WARN_UNUSED_FUNCTION = YES;
				GCC_WARN_UNUSED_VARIABLE = YES;
				MACOSX_DEPLOYMENT_TARGET = 10.9;
				MTL_ENABLE_DEBUG_INFO = NO;
				PRODUCT_NAME = "$(PROJECT_NAME)";
				SDKROOT = macosx;
				SWIFT_INCLUDE_PATHS = "$(SRCROOT)";
				SWIFT_OPTIMIZATION_LEVEL = "-Owholemodule";
				SWIFT_VERSION = 4.0;
				VERSIONING_SYSTEM = "apple-generic";
				VERSION_INFO_PREFIX = "";
			};
			name = Release;
		};
		279D63B31AD07FFF0024E2BC /* Debug */ = {
			isa = XCBuildConfiguration;
			buildSettings = {
				COMBINE_HIDPI_IMAGES = YES;
				DEFINES_MODULE = YES;
				DYLIB_COMPATIBILITY_VERSION = 1;
				DYLIB_CURRENT_VERSION = 1;
				DYLIB_INSTALL_NAME_BASE = "@rpath";
				FRAMEWORK_VERSION = A;
				INFOPLIST_FILE = JWT/Info.plist;
				INSTALL_PATH = "@rpath";
				LD_RUNPATH_SEARCH_PATHS = "$(inherited) @executable_path/../Frameworks @loader_path/Frameworks";
				PRODUCT_BUNDLE_IDENTIFIER = "org.cocode.$(PRODUCT_NAME:rfc1034identifier)";
				SKIP_INSTALL = YES;
			};
			name = Debug;
		};
		279D63B41AD07FFF0024E2BC /* Release */ = {
			isa = XCBuildConfiguration;
			buildSettings = {
				COMBINE_HIDPI_IMAGES = YES;
				DEFINES_MODULE = YES;
				DYLIB_COMPATIBILITY_VERSION = 1;
				DYLIB_CURRENT_VERSION = 1;
				DYLIB_INSTALL_NAME_BASE = "@rpath";
				FRAMEWORK_VERSION = A;
				INFOPLIST_FILE = JWT/Info.plist;
				INSTALL_PATH = "@rpath";
				LD_RUNPATH_SEARCH_PATHS = "$(inherited) @executable_path/../Frameworks @loader_path/Frameworks";
				PRODUCT_BUNDLE_IDENTIFIER = "org.cocode.$(PRODUCT_NAME:rfc1034identifier)";
				SKIP_INSTALL = YES;
			};
			name = Release;
		};
		279D63B61AD07FFF0024E2BC /* Debug */ = {
			isa = XCBuildConfiguration;
			buildSettings = {
				COMBINE_HIDPI_IMAGES = YES;
				FRAMEWORK_SEARCH_PATHS = (
					"$(DEVELOPER_FRAMEWORKS_DIR)",
					"$(inherited)",
				);
				GCC_PREPROCESSOR_DEFINITIONS = (
					"DEBUG=1",
					"$(inherited)",
				);
				INFOPLIST_FILE = Tests/JWTTests/Info.plist;
				LD_RUNPATH_SEARCH_PATHS = "$(inherited) @executable_path/../Frameworks @loader_path/../Frameworks";
				PRODUCT_BUNDLE_IDENTIFIER = "org.cocode.$(PRODUCT_NAME:rfc1034identifier)";
				PRODUCT_NAME = "$(TARGET_NAME)";
			};
			name = Debug;
		};
		279D63B71AD07FFF0024E2BC /* Release */ = {
			isa = XCBuildConfiguration;
			buildSettings = {
				COMBINE_HIDPI_IMAGES = YES;
				FRAMEWORK_SEARCH_PATHS = (
					"$(DEVELOPER_FRAMEWORKS_DIR)",
					"$(inherited)",
				);
				INFOPLIST_FILE = Tests/JWTTests/Info.plist;
				LD_RUNPATH_SEARCH_PATHS = "$(inherited) @executable_path/../Frameworks @loader_path/../Frameworks";
				PRODUCT_BUNDLE_IDENTIFIER = "org.cocode.$(PRODUCT_NAME:rfc1034identifier)";
				PRODUCT_NAME = "$(TARGET_NAME)";
			};
			name = Release;
		};
		CD9B62211C7753D8005D4844 /* Debug */ = {
			isa = XCBuildConfiguration;
			buildSettings = {
				"CODE_SIGN_IDENTITY[sdk=iphoneos*]" = "";
				DEFINES_MODULE = YES;
				DYLIB_COMPATIBILITY_VERSION = 1;
				DYLIB_CURRENT_VERSION = 1;
				DYLIB_INSTALL_NAME_BASE = "@rpath";
				INFOPLIST_FILE = JWT/Info.plist;
				INSTALL_PATH = "@rpath";
				IPHONEOS_DEPLOYMENT_TARGET = 8.0;
				LD_RUNPATH_SEARCH_PATHS = "$(inherited) @executable_path/Frameworks @loader_path/Frameworks";
				PRODUCT_BUNDLE_IDENTIFIER = "org.cocode.$(PRODUCT_NAME:rfc1034identifier)";
				SDKROOT = iphoneos;
				SKIP_INSTALL = YES;
				SWIFT_INCLUDE_PATHS = "$(inherited) ${BUILT_PRODUCTS_DIR}/CommonCryptoModuleMap";
				TARGETED_DEVICE_FAMILY = "1,2";
			};
			name = Debug;
		};
		CD9B62221C7753D8005D4844 /* Release */ = {
			isa = XCBuildConfiguration;
			buildSettings = {
				"CODE_SIGN_IDENTITY[sdk=iphoneos*]" = "";
				DEFINES_MODULE = YES;
				DYLIB_COMPATIBILITY_VERSION = 1;
				DYLIB_CURRENT_VERSION = 1;
				DYLIB_INSTALL_NAME_BASE = "@rpath";
				INFOPLIST_FILE = JWT/Info.plist;
				INSTALL_PATH = "@rpath";
				IPHONEOS_DEPLOYMENT_TARGET = 8.0;
				LD_RUNPATH_SEARCH_PATHS = "$(inherited) @executable_path/Frameworks @loader_path/Frameworks";
				PRODUCT_BUNDLE_IDENTIFIER = "org.cocode.$(PRODUCT_NAME:rfc1034identifier)";
				SDKROOT = iphoneos;
				SKIP_INSTALL = YES;
				SWIFT_INCLUDE_PATHS = "$(inherited) ${BUILT_PRODUCTS_DIR}/CommonCryptoModuleMap";
				TARGETED_DEVICE_FAMILY = "1,2";
				VALIDATE_PRODUCT = YES;
			};
			name = Release;
		};
		CD9B62331C7753EC005D4844 /* Debug */ = {
			isa = XCBuildConfiguration;
			buildSettings = {
				"CODE_SIGN_IDENTITY[sdk=appletvos*]" = "";
				DEFINES_MODULE = YES;
				DYLIB_COMPATIBILITY_VERSION = 1;
				DYLIB_CURRENT_VERSION = 1;
				DYLIB_INSTALL_NAME_BASE = "@rpath";
				INFOPLIST_FILE = JWT/Info.plist;
				INSTALL_PATH = "@rpath";
				LD_RUNPATH_SEARCH_PATHS = "$(inherited) @executable_path/Frameworks @loader_path/Frameworks";
				PRODUCT_BUNDLE_IDENTIFIER = "org.cocode.$(PRODUCT_NAME:rfc1034identifier)";
				SDKROOT = appletvos;
				SKIP_INSTALL = YES;
				TARGETED_DEVICE_FAMILY = 3;
				TVOS_DEPLOYMENT_TARGET = 9.0;
			};
			name = Debug;
		};
		CD9B62341C7753EC005D4844 /* Release */ = {
			isa = XCBuildConfiguration;
			buildSettings = {
				"CODE_SIGN_IDENTITY[sdk=appletvos*]" = "";
				DEFINES_MODULE = YES;
				DYLIB_COMPATIBILITY_VERSION = 1;
				DYLIB_CURRENT_VERSION = 1;
				DYLIB_INSTALL_NAME_BASE = "@rpath";
				INFOPLIST_FILE = JWT/Info.plist;
				INSTALL_PATH = "@rpath";
				LD_RUNPATH_SEARCH_PATHS = "$(inherited) @executable_path/Frameworks @loader_path/Frameworks";
				PRODUCT_BUNDLE_IDENTIFIER = "org.cocode.$(PRODUCT_NAME:rfc1034identifier)";
				SDKROOT = appletvos;
				SKIP_INSTALL = YES;
				TARGETED_DEVICE_FAMILY = 3;
				TVOS_DEPLOYMENT_TARGET = 9.0;
				VALIDATE_PRODUCT = YES;
			};
			name = Release;
		};
		CD9B62451C7753FB005D4844 /* Debug */ = {
			isa = XCBuildConfiguration;
			buildSettings = {
				"CODE_SIGN_IDENTITY[sdk=watchos*]" = "";
				DEFINES_MODULE = YES;
				DYLIB_COMPATIBILITY_VERSION = 1;
				DYLIB_CURRENT_VERSION = 1;
				DYLIB_INSTALL_NAME_BASE = "@rpath";
				INFOPLIST_FILE = JWT/Info.plist;
				INSTALL_PATH = "@rpath";
				LD_RUNPATH_SEARCH_PATHS = "$(inherited) @executable_path/Frameworks @loader_path/Frameworks";
				PRODUCT_BUNDLE_IDENTIFIER = "org.cocode.$(PRODUCT_NAME:rfc1034identifier)";
				SDKROOT = watchos;
				SKIP_INSTALL = YES;
				TARGETED_DEVICE_FAMILY = 4;
				WATCHOS_DEPLOYMENT_TARGET = 2.0;
			};
			name = Debug;
		};
		CD9B62461C7753FB005D4844 /* Release */ = {
			isa = XCBuildConfiguration;
			buildSettings = {
				"CODE_SIGN_IDENTITY[sdk=watchos*]" = "";
				DEFINES_MODULE = YES;
				DYLIB_COMPATIBILITY_VERSION = 1;
				DYLIB_CURRENT_VERSION = 1;
				DYLIB_INSTALL_NAME_BASE = "@rpath";
				INFOPLIST_FILE = JWT/Info.plist;
				INSTALL_PATH = "@rpath";
				LD_RUNPATH_SEARCH_PATHS = "$(inherited) @executable_path/Frameworks @loader_path/Frameworks";
				PRODUCT_BUNDLE_IDENTIFIER = "org.cocode.$(PRODUCT_NAME:rfc1034identifier)";
				SDKROOT = watchos;
				SKIP_INSTALL = YES;
				TARGETED_DEVICE_FAMILY = 4;
				VALIDATE_PRODUCT = YES;
				WATCHOS_DEPLOYMENT_TARGET = 2.0;
			};
			name = Release;
		};
/* End XCBuildConfiguration section */

/* Begin XCConfigurationList section */
		279D63961AD07FFF0024E2BC /* Build configuration list for PBXProject "JWT" */ = {
			isa = XCConfigurationList;
			buildConfigurations = (
				279D63B01AD07FFF0024E2BC /* Debug */,
				279D63B11AD07FFF0024E2BC /* Release */,
			);
			defaultConfigurationIsVisible = 0;
			defaultConfigurationName = Release;
		};
		279D63B21AD07FFF0024E2BC /* Build configuration list for PBXNativeTarget "JWT-OSX" */ = {
			isa = XCConfigurationList;
			buildConfigurations = (
				279D63B31AD07FFF0024E2BC /* Debug */,
				279D63B41AD07FFF0024E2BC /* Release */,
			);
			defaultConfigurationIsVisible = 0;
			defaultConfigurationName = Release;
		};
		279D63B51AD07FFF0024E2BC /* Build configuration list for PBXNativeTarget "JWTTests" */ = {
			isa = XCConfigurationList;
			buildConfigurations = (
				279D63B61AD07FFF0024E2BC /* Debug */,
				279D63B71AD07FFF0024E2BC /* Release */,
			);
			defaultConfigurationIsVisible = 0;
			defaultConfigurationName = Release;
		};
		CD9B62201C7753D8005D4844 /* Build configuration list for PBXNativeTarget "JWT-iOS" */ = {
			isa = XCConfigurationList;
			buildConfigurations = (
				CD9B62211C7753D8005D4844 /* Debug */,
				CD9B62221C7753D8005D4844 /* Release */,
			);
			defaultConfigurationIsVisible = 0;
			defaultConfigurationName = Release;
		};
		CD9B62321C7753EC005D4844 /* Build configuration list for PBXNativeTarget "JWT-tvOS" */ = {
			isa = XCConfigurationList;
			buildConfigurations = (
				CD9B62331C7753EC005D4844 /* Debug */,
				CD9B62341C7753EC005D4844 /* Release */,
			);
			defaultConfigurationIsVisible = 0;
			defaultConfigurationName = Release;
		};
		CD9B62441C7753FB005D4844 /* Build configuration list for PBXNativeTarget "JWT-watchOS" */ = {
			isa = XCConfigurationList;
			buildConfigurations = (
				CD9B62451C7753FB005D4844 /* Debug */,
				CD9B62461C7753FB005D4844 /* Release */,
			);
			defaultConfigurationIsVisible = 0;
			defaultConfigurationName = Release;
		};
/* End XCConfigurationList section */
	};
	rootObject = 279D63931AD07FFF0024E2BC /* Project object */;
}
